
Microsoft Visual Studio Solution File, Format Version 12.00
# Visual Studio 14
VisualStudioVersion = 14.0.25123.0
MinimumVisualStudioVersion = 10.0.40219.1
Project("{FAE04EC0-301F-11D3-BF4B-00C04F79EFBC}") = "ProductReview", "ProductReview\ProductReview.csproj", "{253BCD0A-B9B3-439A-AD05-4CEC96927F60}"
EndProject
Project("{FAE04EC0-301F-11D3-BF4B-00C04F79EFBC}") = "ProductReview.Tests", "ProductReview.Tests\ProductReview.Tests.csproj", "{C0E41E5F-C1DA-41C8-BD91-520235EC7C14}"
EndProject
Global
	GlobalSection(SolutionConfigurationPlatforms) = preSolution
		Debug|Any CPU = Debug|Any CPU
		Release|Any CPU = Release|Any CPU
	EndGlobalSection
	GlobalSection(ProjectConfigurationPlatforms) = postSolution
		{253BCD0A-B9B3-439A-AD05-4CEC96927F60}.Debug|Any CPU.ActiveCfg = Debug|Any CPU
		{253BCD0A-B9B3-439A-AD05-4CEC96927F60}.Debug|Any CPU.Build.0 = Debug|Any CPU
		{253BCD0A-B9B3-439A-AD05-4CEC96927F60}.Release|Any CPU.ActiveCfg = Release|Any CPU
		{253BCD0A-B9B3-439A-AD05-4CEC96927F60}.Release|Any CPU.Build.0 = Release|Any CPU
		{C0E41E5F-C1DA-41C8-BD91-520235EC7C14}.Debug|Any CPU.ActiveCfg = Debug|Any CPU
		{C0E41E5F-C1DA-41C8-BD91-520235EC7C14}.Debug|Any CPU.Build.0 = Debug|Any CPU
		{C0E41E5F-C1DA-41C8-BD91-520235EC7C14}.Release|Any CPU.ActiveCfg = Release|Any CPU
		{C0E41E5F-C1DA-41C8-BD91-520235EC7C14}.Release|Any CPU.Build.0 = Release|Any CPU
	EndGlobalSection
	GlobalSection(SolutionProperties) = preSolution
		HideSolutionNode = FALSE
	EndGlobalSection
EndGlobal
